
Microsoft Visual Studio Solution File, Format Version 12.00
# Visual Studio Version 16
VisualStudioVersion = 16.0.30309.148
MinimumVisualStudioVersion = 10.0.40219.1
Project("{FAE04EC0-301F-11D3-BF4B-00C04F79EFBC}") = "Angular-Sample", "Angular-Sample\Angular-Sample.csproj", "{23B511B4-280B-4A9D-AA7D-766CCDAB3E14}"
EndProject
Global
	GlobalSection(SolutionConfigurationPlatforms) = preSolution
		Debug|Any CPU = Debug|Any CPU
		Release|Any CPU = Release|Any CPU
	EndGlobalSection
	GlobalSection(ProjectConfigurationPlatforms) = postSolution
		{23B511B4-280B-4A9D-AA7D-766CCDAB3E14}.Debug|Any CPU.ActiveCfg = Debug|Any CPU
		{23B511B4-280B-4A9D-AA7D-766CCDAB3E14}.Debug|Any CPU.Build.0 = Debug|Any CPU
		{23B511B4-280B-4A9D-AA7D-766CCDAB3E14}.Release|Any CPU.ActiveCfg = Release|Any CPU
		{23B511B4-280B-4A9D-AA7D-766CCDAB3E14}.Release|Any CPU.Build.0 = Release|Any CPU
	EndGlobalSection
	GlobalSection(SolutionProperties) = preSolution
		HideSolutionNode = FALSE
	EndGlobalSection
	GlobalSection(ExtensibilityGlobals) = postSolution
		SolutionGuid = {8CEA8F01-6F93-4ADB-ACAF-C7A4ED1C16F7}
	EndGlobalSection
EndGlobal
