
Microsoft Visual Studio Solution File, Format Version 12.00
# Visual Studio Version 16
VisualStudioVersion = 16.0.30309.148
MinimumVisualStudioVersion = 10.0.40219.1
Project("{9A19103F-16F7-4668-BE54-9A1E7A4F7556}") = "Angular-Sample", "Angular-Sample\Angular-Sample.csproj", "{23B511B4-280B-4A9D-AA7D-766CCDAB3E14}"
EndProject
Project("{9A19103F-16F7-4668-BE54-9A1E7A4F7556}") = "Angular-Sample.Data", "Angular-Sample.Data\Angular-Sample.Data.csproj", "{5B5AFF0F-F965-43C9-B2CF-ED067055701C}"
EndProject
Project("{9A19103F-16F7-4668-BE54-9A1E7A4F7556}") = "Angular-Sample.Service", "Angular-Sample.Service\Angular-Sample.Service.csproj", "{E36B9054-34DF-4502-A2B0-D5993C779149}"
EndProject
Project("{9A19103F-16F7-4668-BE54-9A1E7A4F7556}") = "Util.Data", "Util.Data\Util.Data.csproj", "{18CABBDA-9551-4386-8AFF-E281BC265BAF}"
EndProject
Global
	GlobalSection(SolutionConfigurationPlatforms) = preSolution
		Debug|Any CPU = Debug|Any CPU
		Release|Any CPU = Release|Any CPU
	EndGlobalSection
	GlobalSection(ProjectConfigurationPlatforms) = postSolution
		{23B511B4-280B-4A9D-AA7D-766CCDAB3E14}.Debug|Any CPU.ActiveCfg = Debug|Any CPU
		{23B511B4-280B-4A9D-AA7D-766CCDAB3E14}.Debug|Any CPU.Build.0 = Debug|Any CPU
		{23B511B4-280B-4A9D-AA7D-766CCDAB3E14}.Release|Any CPU.ActiveCfg = Release|Any CPU
		{23B511B4-280B-4A9D-AA7D-766CCDAB3E14}.Release|Any CPU.Build.0 = Release|Any CPU
		{5B5AFF0F-F965-43C9-B2CF-ED067055701C}.Debug|Any CPU.ActiveCfg = Debug|Any CPU
		{5B5AFF0F-F965-43C9-B2CF-ED067055701C}.Debug|Any CPU.Build.0 = Debug|Any CPU
		{5B5AFF0F-F965-43C9-B2CF-ED067055701C}.Release|Any CPU.ActiveCfg = Release|Any CPU
		{5B5AFF0F-F965-43C9-B2CF-ED067055701C}.Release|Any CPU.Build.0 = Release|Any CPU
		{E36B9054-34DF-4502-A2B0-D5993C779149}.Debug|Any CPU.ActiveCfg = Debug|Any CPU
		{E36B9054-34DF-4502-A2B0-D5993C779149}.Debug|Any CPU.Build.0 = Debug|Any CPU
		{E36B9054-34DF-4502-A2B0-D5993C779149}.Release|Any CPU.ActiveCfg = Release|Any CPU
		{E36B9054-34DF-4502-A2B0-D5993C779149}.Release|Any CPU.Build.0 = Release|Any CPU
		{18CABBDA-9551-4386-8AFF-E281BC265BAF}.Debug|Any CPU.ActiveCfg = Debug|Any CPU
		{18CABBDA-9551-4386-8AFF-E281BC265BAF}.Debug|Any CPU.Build.0 = Debug|Any CPU
		{18CABBDA-9551-4386-8AFF-E281BC265BAF}.Release|Any CPU.ActiveCfg = Release|Any CPU
		{18CABBDA-9551-4386-8AFF-E281BC265BAF}.Release|Any CPU.Build.0 = Release|Any CPU
	EndGlobalSection
	GlobalSection(SolutionProperties) = preSolution
		HideSolutionNode = FALSE
	EndGlobalSection
	GlobalSection(ExtensibilityGlobals) = postSolution
		SolutionGuid = {8CEA8F01-6F93-4ADB-ACAF-C7A4ED1C16F7}
	EndGlobalSection
EndGlobal
